# This file is autogenerated, do not edit; changes may be undone by the next 'dep ensure'.


[[projects]]
  branch = "master"
  digest = "1:a49bffbf627fb1d97c6fa7f06be477619f9cf703b6f40098521943810efb3d63"
  name = "github.com/duminghui/go-bip39"
  packages = [
    ".",
    "wordlists",
  ]
  pruneopts = "UT"
  revision = "cbc510d6a05d0094e15972441fbfac03beb0a10b"

[[projects]]
  branch = "master"
  digest = "1:ba3904b7f7c24e16b537a584247d9e13d8e9822a8a976f91c3bfd70245ecfd58"
  name = "golang.org/x/crypto"
  packages = [
    "pbkdf2",
    "ripemd160",
  ]
  pruneopts = "UT"
  revision = "de0752318171da717af4ce24d0a2e8626afaeb11"
  source = "github.com/golang/crypto"

[solve-meta]
  analyzer-name = "dep"
  analyzer-version = 1
  input-imports = [
    "github.com/duminghui/go-bip39",
    "golang.org/x/crypto/ripemd160",
  ]
  solver-name = "gps-cdcl"
  solver-version = 1
